{
  "originHash" : "bdb3df9a91973dc7160c26966c15c8541363ffdc0641288ebcbed31ffd21feb5",
  "pins" : [
    {
      "identity" : "minilexer",
      "kind" : "remoteSourceControl",
      "location" : "https://github.com/LuizZak/MiniLexer.git",
      "state" : {
        "revision" : "71cc272f4613d1e45e1eacab33fa2f77c6311007",
        "version" : "0.10.0"
      }
    }
  ],
  "version" : 3
}
