{
  "originHash" : "e6b7f289892647c76503d4271ec1df81407dfaebf4da1ff9619331399cd93c7a",
  "pins" : [
    {
      "identity" : "minidigraph",
      "kind" : "remoteSourceControl",
      "location" : "https://github.com/LuizZak/MiniDigraph.git",
      "state" : {
        "revision" : "35d34ead986d858e6c25952406da5936d23c2f59",
        "version" : "0.3.0"
      }
    },
    {
      "identity" : "minigraphviz",
      "kind" : "remoteSourceControl",
      "location" : "https://github.com/LuizZak/MiniGraphviz.git",
      "state" : {
        "revision" : "aa15c50cf8027dae6dde860a40987c238070d849",
        "version" : "0.1.0"
      }
    },
    {
      "identity" : "minilexer",
      "kind" : "remoteSourceControl",
      "location" : "https://github.com/LuizZak/MiniLexer.git",
      "state" : {
        "revision" : "71cc272f4613d1e45e1eacab33fa2f77c6311007",
        "version" : "0.10.0"
      }
    },
    {
      "identity" : "swift-syntax",
      "kind" : "remoteSourceControl",
      "location" : "https://github.com/apple/swift-syntax.git",
      "state" : {
        "revision" : "64889f0c732f210a935a0ad7cda38f77f876262d",
        "version" : "509.1.1"
      }
    }
  ],
  "version" : 3
}
